
Microsoft Visual Studio Solution File, Format Version 12.00
# Visual Studio Version 17
VisualStudioVersion = 17.1.32421.90
MinimumVisualStudioVersion = 10.0.40219.1
Project("{9A19103F-16F7-4668-BE54-9A1E7A4F7556}") = "GreenerConfigurator", "GreenerConfigurator\GreenerConfigurator.csproj", "{EE32F53E-D77A-49A9-A2D0-496226842A98}"
EndProject
Project("{FAE04EC0-301F-11D3-BF4B-00C04F79EFBC}") = "GreenerConfigurator.Web.Server", "..\GreenerConfigurator.Web.Server\GreenerConfigurator.Web.Server.csproj", "{7A20BCF7-CFC2-4E6D-A4F7-756AE00904D8}"
EndProject
Project("{FAE04EC0-301F-11D3-BF4B-00C04F79EFBC}") = "GreenerConfigurator.Web.Client", "..\GreenerConfigurator.Web.Client\GreenerConfigurator.Web.Client.csproj", "{1EF37BE4-CDFB-4E19-9106-3FC1F940BDED}"
EndProject
Project("{FAE04EC0-301F-11D3-BF4B-00C04F79EFBC}") = "GreenerConfigurator.ClientCore", "..\GreenerConfigurator.ClientCore\GreenerConfigurator.ClientCore.csproj", "{B85ACEAB-C5E5-4204-BF6B-8FE0D378B53D}"
EndProject
Global
	GlobalSection(SolutionConfigurationPlatforms) = preSolution
		Debug|ARM = Debug|ARM
		Debug|ARM64 = Debug|ARM64
		Debug|x64 = Debug|x64
		Debug|x86 = Debug|x86
		Debug|Any CPU = Debug|Any CPU
		DEV_PC|ARM = DEV_PC|ARM
		DEV_PC|ARM64 = DEV_PC|ARM64
		DEV_PC|x64 = DEV_PC|x64
		DEV_PC|x86 = DEV_PC|x86
		DEV_PC|Any CPU = DEV_PC|Any CPU
		Release|ARM = Release|ARM
		Release|ARM64 = Release|ARM64
		Release|x64 = Release|x64
		Release|x86 = Release|x86
		Release|Any CPU = Release|Any CPU
	EndGlobalSection
	GlobalSection(ProjectConfigurationPlatforms) = postSolution
		{EE32F53E-D77A-49A9-A2D0-496226842A98}.Debug|ARM.ActiveCfg = Debug|Any CPU
		{EE32F53E-D77A-49A9-A2D0-496226842A98}.Debug|ARM.Build.0 = Debug|Any CPU
		{EE32F53E-D77A-49A9-A2D0-496226842A98}.Debug|ARM.Deploy.0 = Debug|Any CPU
		{EE32F53E-D77A-49A9-A2D0-496226842A98}.Debug|ARM64.ActiveCfg = Debug|ARM64
		{EE32F53E-D77A-49A9-A2D0-496226842A98}.Debug|ARM64.Build.0 = Debug|ARM64
		{EE32F53E-D77A-49A9-A2D0-496226842A98}.Debug|ARM64.Deploy.0 = Debug|ARM64
		{EE32F53E-D77A-49A9-A2D0-496226842A98}.Debug|x64.ActiveCfg = Debug|Any CPU
		{EE32F53E-D77A-49A9-A2D0-496226842A98}.Debug|x64.Build.0 = Debug|Any CPU
		{EE32F53E-D77A-49A9-A2D0-496226842A98}.Debug|x64.Deploy.0 = Debug|Any CPU
		{EE32F53E-D77A-49A9-A2D0-496226842A98}.Debug|x86.ActiveCfg = Debug|Any CPU
		{EE32F53E-D77A-49A9-A2D0-496226842A98}.Debug|x86.Build.0 = Debug|Any CPU
		{EE32F53E-D77A-49A9-A2D0-496226842A98}.Debug|x86.Deploy.0 = Debug|Any CPU
		{EE32F53E-D77A-49A9-A2D0-496226842A98}.Debug|Any CPU.ActiveCfg = Debug|Any CPU
		{EE32F53E-D77A-49A9-A2D0-496226842A98}.Debug|Any CPU.Build.0 = Debug|Any CPU
		{EE32F53E-D77A-49A9-A2D0-496226842A98}.DEV_PC|ARM.ActiveCfg = DEV_PC|Any CPU
		{EE32F53E-D77A-49A9-A2D0-496226842A98}.DEV_PC|ARM.Build.0 = DEV_PC|Any CPU
		{EE32F53E-D77A-49A9-A2D0-496226842A98}.DEV_PC|ARM64.ActiveCfg = DEV_PC|Any CPU
		{EE32F53E-D77A-49A9-A2D0-496226842A98}.DEV_PC|ARM64.Build.0 = DEV_PC|Any CPU
		{EE32F53E-D77A-49A9-A2D0-496226842A98}.DEV_PC|x64.ActiveCfg = DEV_PC|Any CPU
		{EE32F53E-D77A-49A9-A2D0-496226842A98}.DEV_PC|x64.Build.0 = DEV_PC|Any CPU
		{EE32F53E-D77A-49A9-A2D0-496226842A98}.DEV_PC|x86.ActiveCfg = DEV_PC|Any CPU
		{EE32F53E-D77A-49A9-A2D0-496226842A98}.DEV_PC|x86.Build.0 = DEV_PC|Any CPU
		{EE32F53E-D77A-49A9-A2D0-496226842A98}.DEV_PC|Any CPU.ActiveCfg = DEV_PC|Any CPU
		{EE32F53E-D77A-49A9-A2D0-496226842A98}.DEV_PC|Any CPU.Build.0 = DEV_PC|Any CPU
		{EE32F53E-D77A-49A9-A2D0-496226842A98}.Release|ARM.ActiveCfg = Release|ARM
		{EE32F53E-D77A-49A9-A2D0-496226842A98}.Release|ARM.Build.0 = Release|ARM
		{EE32F53E-D77A-49A9-A2D0-496226842A98}.Release|ARM.Deploy.0 = Release|ARM
		{EE32F53E-D77A-49A9-A2D0-496226842A98}.Release|ARM64.ActiveCfg = Release|ARM64
		{EE32F53E-D77A-49A9-A2D0-496226842A98}.Release|ARM64.Build.0 = Release|ARM64
		{EE32F53E-D77A-49A9-A2D0-496226842A98}.Release|ARM64.Deploy.0 = Release|ARM64
		{EE32F53E-D77A-49A9-A2D0-496226842A98}.Release|x64.ActiveCfg = Release|x64
		{EE32F53E-D77A-49A9-A2D0-496226842A98}.Release|x64.Build.0 = Release|x64
		{EE32F53E-D77A-49A9-A2D0-496226842A98}.Release|x64.Deploy.0 = Release|x64
		{EE32F53E-D77A-49A9-A2D0-496226842A98}.Release|x86.ActiveCfg = Release|x86
		{EE32F53E-D77A-49A9-A2D0-496226842A98}.Release|x86.Build.0 = Release|x86
		{EE32F53E-D77A-49A9-A2D0-496226842A98}.Release|x86.Deploy.0 = Release|x86
		{EE32F53E-D77A-49A9-A2D0-496226842A98}.Release|Any CPU.ActiveCfg = Release|Any CPU
		{EE32F53E-D77A-49A9-A2D0-496226842A98}.Release|Any CPU.Build.0 = Release|Any CPU
		{7A20BCF7-CFC2-4E6D-A4F7-756AE00904D8}.Debug|ARM.ActiveCfg = Debug|Any CPU
		{7A20BCF7-CFC2-4E6D-A4F7-756AE00904D8}.Debug|ARM.Build.0 = Debug|Any CPU
		{7A20BCF7-CFC2-4E6D-A4F7-756AE00904D8}.Debug|ARM64.ActiveCfg = Debug|Any CPU
		{7A20BCF7-CFC2-4E6D-A4F7-756AE00904D8}.Debug|ARM64.Build.0 = Debug|Any CPU
		{7A20BCF7-CFC2-4E6D-A4F7-756AE00904D8}.Debug|x64.ActiveCfg = Debug|Any CPU
		{7A20BCF7-CFC2-4E6D-A4F7-756AE00904D8}.Debug|x64.Build.0 = Debug|Any CPU
		{7A20BCF7-CFC2-4E6D-A4F7-756AE00904D8}.Debug|x86.ActiveCfg = Debug|Any CPU
		{7A20BCF7-CFC2-4E6D-A4F7-756AE00904D8}.Debug|x86.Build.0 = Debug|Any CPU
		{7A20BCF7-CFC2-4E6D-A4F7-756AE00904D8}.Debug|Any CPU.ActiveCfg = Debug|Any CPU
		{7A20BCF7-CFC2-4E6D-A4F7-756AE00904D8}.Debug|Any CPU.Build.0 = Debug|Any CPU
		{7A20BCF7-CFC2-4E6D-A4F7-756AE00904D8}.DEV_PC|ARM.ActiveCfg = Debug|Any CPU
		{7A20BCF7-CFC2-4E6D-A4F7-756AE00904D8}.DEV_PC|ARM.Build.0 = Debug|Any CPU
		{7A20BCF7-CFC2-4E6D-A4F7-756AE00904D8}.DEV_PC|ARM64.ActiveCfg = Debug|Any CPU
		{7A20BCF7-CFC2-4E6D-A4F7-756AE00904D8}.DEV_PC|ARM64.Build.0 = Debug|Any CPU
		{7A20BCF7-CFC2-4E6D-A4F7-756AE00904D8}.DEV_PC|x64.ActiveCfg = Debug|Any CPU
		{7A20BCF7-CFC2-4E6D-A4F7-756AE00904D8}.DEV_PC|x64.Build.0 = Debug|Any CPU
		{7A20BCF7-CFC2-4E6D-A4F7-756AE00904D8}.DEV_PC|x86.ActiveCfg = Debug|Any CPU
		{7A20BCF7-CFC2-4E6D-A4F7-756AE00904D8}.DEV_PC|x86.Build.0 = Debug|Any CPU
		{7A20BCF7-CFC2-4E6D-A4F7-756AE00904D8}.DEV_PC|Any CPU.ActiveCfg = Debug|Any CPU
		{7A20BCF7-CFC2-4E6D-A4F7-756AE00904D8}.DEV_PC|Any CPU.Build.0 = Debug|Any CPU
		{7A20BCF7-CFC2-4E6D-A4F7-756AE00904D8}.Release|ARM.ActiveCfg = Release|Any CPU
		{7A20BCF7-CFC2-4E6D-A4F7-756AE00904D8}.Release|ARM.Build.0 = Release|Any CPU
		{7A20BCF7-CFC2-4E6D-A4F7-756AE00904D8}.Release|ARM64.ActiveCfg = Release|Any CPU
		{7A20BCF7-CFC2-4E6D-A4F7-756AE00904D8}.Release|ARM64.Build.0 = Release|Any CPU
		{7A20BCF7-CFC2-4E6D-A4F7-756AE00904D8}.Release|x64.ActiveCfg = Release|Any CPU
		{7A20BCF7-CFC2-4E6D-A4F7-756AE00904D8}.Release|x64.Build.0 = Release|Any CPU
		{7A20BCF7-CFC2-4E6D-A4F7-756AE00904D8}.Release|x86.ActiveCfg = Release|Any CPU
		{7A20BCF7-CFC2-4E6D-A4F7-756AE00904D8}.Release|x86.Build.0 = Release|Any CPU
		{7A20BCF7-CFC2-4E6D-A4F7-756AE00904D8}.Release|Any CPU.ActiveCfg = Release|Any CPU
		{7A20BCF7-CFC2-4E6D-A4F7-756AE00904D8}.Release|Any CPU.Build.0 = Release|Any CPU
		{1EF37BE4-CDFB-4E19-9106-3FC1F940BDED}.Debug|ARM.ActiveCfg = Debug|Any CPU
		{1EF37BE4-CDFB-4E19-9106-3FC1F940BDED}.Debug|ARM.Build.0 = Debug|Any CPU
		{1EF37BE4-CDFB-4E19-9106-3FC1F940BDED}.Debug|ARM64.ActiveCfg = Debug|Any CPU
		{1EF37BE4-CDFB-4E19-9106-3FC1F940BDED}.Debug|ARM64.Build.0 = Debug|Any CPU
		{1EF37BE4-CDFB-4E19-9106-3FC1F940BDED}.Debug|x64.ActiveCfg = Debug|Any CPU
		{1EF37BE4-CDFB-4E19-9106-3FC1F940BDED}.Debug|x64.Build.0 = Debug|Any CPU
		{1EF37BE4-CDFB-4E19-9106-3FC1F940BDED}.Debug|x86.ActiveCfg = Debug|Any CPU
		{1EF37BE4-CDFB-4E19-9106-3FC1F940BDED}.Debug|x86.Build.0 = Debug|Any CPU
		{1EF37BE4-CDFB-4E19-9106-3FC1F940BDED}.Debug|Any CPU.ActiveCfg = Debug|Any CPU
		{1EF37BE4-CDFB-4E19-9106-3FC1F940BDED}.Debug|Any CPU.Build.0 = Debug|Any CPU
		{1EF37BE4-CDFB-4E19-9106-3FC1F940BDED}.DEV_PC|ARM.ActiveCfg = Debug|Any CPU
		{1EF37BE4-CDFB-4E19-9106-3FC1F940BDED}.DEV_PC|ARM.Build.0 = Debug|Any CPU
		{1EF37BE4-CDFB-4E19-9106-3FC1F940BDED}.DEV_PC|ARM64.ActiveCfg = Debug|Any CPU
		{1EF37BE4-CDFB-4E19-9106-3FC1F940BDED}.DEV_PC|ARM64.Build.0 = Debug|Any CPU
		{1EF37BE4-CDFB-4E19-9106-3FC1F940BDED}.DEV_PC|x64.ActiveCfg = Debug|Any CPU
		{1EF37BE4-CDFB-4E19-9106-3FC1F940BDED}.DEV_PC|x64.Build.0 = Debug|Any CPU
		{1EF37BE4-CDFB-4E19-9106-3FC1F940BDED}.DEV_PC|x86.ActiveCfg = Debug|Any CPU
		{1EF37BE4-CDFB-4E19-9106-3FC1F940BDED}.DEV_PC|x86.Build.0 = Debug|Any CPU
		{1EF37BE4-CDFB-4E19-9106-3FC1F940BDED}.DEV_PC|Any CPU.ActiveCfg = Debug|Any CPU
		{1EF37BE4-CDFB-4E19-9106-3FC1F940BDED}.DEV_PC|Any CPU.Build.0 = Debug|Any CPU
		{1EF37BE4-CDFB-4E19-9106-3FC1F940BDED}.Release|ARM.ActiveCfg = Release|Any CPU
		{1EF37BE4-CDFB-4E19-9106-3FC1F940BDED}.Release|ARM.Build.0 = Release|Any CPU
		{1EF37BE4-CDFB-4E19-9106-3FC1F940BDED}.Release|ARM64.ActiveCfg = Release|Any CPU
		{1EF37BE4-CDFB-4E19-9106-3FC1F940BDED}.Release|ARM64.Build.0 = Release|Any CPU
		{1EF37BE4-CDFB-4E19-9106-3FC1F940BDED}.Release|x64.ActiveCfg = Release|Any CPU
		{1EF37BE4-CDFB-4E19-9106-3FC1F940BDED}.Release|x64.Build.0 = Release|Any CPU
		{1EF37BE4-CDFB-4E19-9106-3FC1F940BDED}.Release|x86.ActiveCfg = Release|Any CPU
		{1EF37BE4-CDFB-4E19-9106-3FC1F940BDED}.Release|x86.Build.0 = Release|Any CPU
		{1EF37BE4-CDFB-4E19-9106-3FC1F940BDED}.Release|Any CPU.ActiveCfg = Release|Any CPU
		{1EF37BE4-CDFB-4E19-9106-3FC1F940BDED}.Release|Any CPU.Build.0 = Release|Any CPU
		{B85ACEAB-C5E5-4204-BF6B-8FE0D378B53D}.Debug|ARM.ActiveCfg = Debug|Any CPU
		{B85ACEAB-C5E5-4204-BF6B-8FE0D378B53D}.Debug|ARM.Build.0 = Debug|Any CPU
		{B85ACEAB-C5E5-4204-BF6B-8FE0D378B53D}.Debug|ARM64.ActiveCfg = Debug|Any CPU
		{B85ACEAB-C5E5-4204-BF6B-8FE0D378B53D}.Debug|ARM64.Build.0 = Debug|Any CPU
		{B85ACEAB-C5E5-4204-BF6B-8FE0D378B53D}.Debug|x64.ActiveCfg = Debug|Any CPU
		{B85ACEAB-C5E5-4204-BF6B-8FE0D378B53D}.Debug|x64.Build.0 = Debug|Any CPU
		{B85ACEAB-C5E5-4204-BF6B-8FE0D378B53D}.Debug|x86.ActiveCfg = Debug|Any CPU
		{B85ACEAB-C5E5-4204-BF6B-8FE0D378B53D}.Debug|x86.Build.0 = Debug|Any CPU
		{B85ACEAB-C5E5-4204-BF6B-8FE0D378B53D}.Debug|Any CPU.ActiveCfg = Debug|Any CPU
		{B85ACEAB-C5E5-4204-BF6B-8FE0D378B53D}.Debug|Any CPU.Build.0 = Debug|Any CPU
		{B85ACEAB-C5E5-4204-BF6B-8FE0D378B53D}.DEV_PC|ARM.ActiveCfg = Debug|Any CPU
		{B85ACEAB-C5E5-4204-BF6B-8FE0D378B53D}.DEV_PC|ARM.Build.0 = Debug|Any CPU
		{B85ACEAB-C5E5-4204-BF6B-8FE0D378B53D}.DEV_PC|ARM64.ActiveCfg = Debug|Any CPU
		{B85ACEAB-C5E5-4204-BF6B-8FE0D378B53D}.DEV_PC|ARM64.Build.0 = Debug|Any CPU
		{B85ACEAB-C5E5-4204-BF6B-8FE0D378B53D}.DEV_PC|x64.ActiveCfg = Debug|Any CPU
		{B85ACEAB-C5E5-4204-BF6B-8FE0D378B53D}.DEV_PC|x64.Build.0 = Debug|Any CPU
		{B85ACEAB-C5E5-4204-BF6B-8FE0D378B53D}.DEV_PC|x86.ActiveCfg = Debug|Any CPU
		{B85ACEAB-C5E5-4204-BF6B-8FE0D378B53D}.DEV_PC|x86.Build.0 = Debug|Any CPU
		{B85ACEAB-C5E5-4204-BF6B-8FE0D378B53D}.DEV_PC|Any CPU.ActiveCfg = Debug|Any CPU
		{B85ACEAB-C5E5-4204-BF6B-8FE0D378B53D}.DEV_PC|Any CPU.Build.0 = Debug|Any CPU
		{B85ACEAB-C5E5-4204-BF6B-8FE0D378B53D}.Release|ARM.ActiveCfg = Release|Any CPU
		{B85ACEAB-C5E5-4204-BF6B-8FE0D378B53D}.Release|ARM.Build.0 = Release|Any CPU
		{B85ACEAB-C5E5-4204-BF6B-8FE0D378B53D}.Release|ARM64.ActiveCfg = Release|Any CPU
		{B85ACEAB-C5E5-4204-BF6B-8FE0D378B53D}.Release|ARM64.Build.0 = Release|Any CPU
		{B85ACEAB-C5E5-4204-BF6B-8FE0D378B53D}.Release|x64.ActiveCfg = Release|Any CPU
		{B85ACEAB-C5E5-4204-BF6B-8FE0D378B53D}.Release|x64.Build.0 = Release|Any CPU
		{B85ACEAB-C5E5-4204-BF6B-8FE0D378B53D}.Release|x86.ActiveCfg = Release|Any CPU
		{B85ACEAB-C5E5-4204-BF6B-8FE0D378B53D}.Release|x86.Build.0 = Release|Any CPU
		{B85ACEAB-C5E5-4204-BF6B-8FE0D378B53D}.Release|Any CPU.ActiveCfg = Release|Any CPU
		{B85ACEAB-C5E5-4204-BF6B-8FE0D378B53D}.Release|Any CPU.Build.0 = Release|Any CPU
	EndGlobalSection
	GlobalSection(SolutionProperties) = preSolution
		HideSolutionNode = FALSE
	EndGlobalSection
	GlobalSection(ExtensibilityGlobals) = postSolution
		SolutionGuid = {3AED0FDE-E494-4C32-92DA-87F2D1570D1C}
	EndGlobalSection
EndGlobal
